
Microsoft Visual Studio Solution File, Format Version 12.00
# Visual Studio Version 17
VisualStudioVersion = 17.1.32228.430
MinimumVisualStudioVersion = 10.0.40219.1
Project("{FAE04EC0-301F-11D3-BF4B-00C04F79EFBC}") = "Unit18_4_1", "Unit18_4_1\Unit18_4_1.csproj", "{59A49625-E995-41E0-BACC-42E979E81AA8}"
EndProject
Global
	GlobalSection(SolutionConfigurationPlatforms) = preSolution
		Debug|Any CPU = Debug|Any CPU
		Release|Any CPU = Release|Any CPU
	EndGlobalSection
	GlobalSection(ProjectConfigurationPlatforms) = postSolution
		{59A49625-E995-41E0-BACC-42E979E81AA8}.Debug|Any CPU.ActiveCfg = Debug|Any CPU
		{59A49625-E995-41E0-BACC-42E979E81AA8}.Debug|Any CPU.Build.0 = Debug|Any CPU
		{59A49625-E995-41E0-BACC-42E979E81AA8}.Release|Any CPU.ActiveCfg = Release|Any CPU
		{59A49625-E995-41E0-BACC-42E979E81AA8}.Release|Any CPU.Build.0 = Release|Any CPU
	EndGlobalSection
	GlobalSection(SolutionProperties) = preSolution
		HideSolutionNode = FALSE
	EndGlobalSection
	GlobalSection(ExtensibilityGlobals) = postSolution
		SolutionGuid = {2B7501A2-2955-42A5-81F0-DFEA685BB893}
	EndGlobalSection
EndGlobal
